
Microsoft Visual Studio Solution File, Format Version 12.00
# Visual Studio Version 17
VisualStudioVersion = 17.0.31903.59
MinimumVisualStudioVersion = 10.0.40219.1
Project("{9A19103F-16F7-4668-BE54-9A1E7A4F7556}") = "WinBGMuter", "WinBGMute\WinBGMuter.csproj", "{AFC9DB32-A0E0-40AB-A13E-FA4A8B827C21}"
EndProject
Global
	GlobalSection(SolutionConfigurationPlatforms) = preSolution
		Debug|Any CPU = Debug|Any CPU
		Debug|x64 = Debug|x64
		Debug|x86 = Debug|x86
		Release|Any CPU = Release|Any CPU
		Release|x64 = Release|x64
		Release|x86 = Release|x86
	EndGlobalSection
	GlobalSection(ProjectConfigurationPlatforms) = postSolution
		{AFC9DB32-A0E0-40AB-A13E-FA4A8B827C21}.Debug|Any CPU.ActiveCfg = Debug|Any CPU
		{AFC9DB32-A0E0-40AB-A13E-FA4A8B827C21}.Debug|Any CPU.Build.0 = Debug|Any CPU
		{AFC9DB32-A0E0-40AB-A13E-FA4A8B827C21}.Debug|x64.ActiveCfg = Debug|Any CPU
		{AFC9DB32-A0E0-40AB-A13E-FA4A8B827C21}.Debug|x64.Build.0 = Debug|Any CPU
		{AFC9DB32-A0E0-40AB-A13E-FA4A8B827C21}.Debug|x86.ActiveCfg = Debug|Any CPU
		{AFC9DB32-A0E0-40AB-A13E-FA4A8B827C21}.Debug|x86.Build.0 = Debug|Any CPU
		{AFC9DB32-A0E0-40AB-A13E-FA4A8B827C21}.Release|Any CPU.ActiveCfg = Release|Any CPU
		{AFC9DB32-A0E0-40AB-A13E-FA4A8B827C21}.Release|Any CPU.Build.0 = Release|Any CPU
		{AFC9DB32-A0E0-40AB-A13E-FA4A8B827C21}.Release|x64.ActiveCfg = Release|Any CPU
		{AFC9DB32-A0E0-40AB-A13E-FA4A8B827C21}.Release|x64.Build.0 = Release|Any CPU
		{AFC9DB32-A0E0-40AB-A13E-FA4A8B827C21}.Release|x86.ActiveCfg = Release|Any CPU
		{AFC9DB32-A0E0-40AB-A13E-FA4A8B827C21}.Release|x86.Build.0 = Release|Any CPU
	EndGlobalSection
	GlobalSection(SolutionProperties) = preSolution
		HideSolutionNode = FALSE
	EndGlobalSection
	GlobalSection(ExtensibilityGlobals) = postSolution
		SolutionGuid = {7C990FA5-4878-46A7-BA5F-86610552E1BF}
	EndGlobalSection
EndGlobal
